
Microsoft Visual Studio Solution File, Format Version 12.00
# Visual Studio Version 16
VisualStudioVersion = 16.0.32802.440
MinimumVisualStudioVersion = 10.0.40219.1
Project("{FAE04EC0-301F-11D3-BF4B-00C04F79EFBC}") = "1erParcial", "WindowsFormsApp1\1erParcial.csproj", "{A157AA58-21F8-41F7-880E-EDA4CE94D10A}"
EndProject
Global
	GlobalSection(SolutionConfigurationPlatforms) = preSolution
		Debug|Any CPU = Debug|Any CPU
		Release|Any CPU = Release|Any CPU
	EndGlobalSection
	GlobalSection(ProjectConfigurationPlatforms) = postSolution
		{A157AA58-21F8-41F7-880E-EDA4CE94D10A}.Debug|Any CPU.ActiveCfg = Debug|Any CPU
		{A157AA58-21F8-41F7-880E-EDA4CE94D10A}.Debug|Any CPU.Build.0 = Debug|Any CPU
		{A157AA58-21F8-41F7-880E-EDA4CE94D10A}.Release|Any CPU.ActiveCfg = Release|Any CPU
		{A157AA58-21F8-41F7-880E-EDA4CE94D10A}.Release|Any CPU.Build.0 = Release|Any CPU
	EndGlobalSection
	GlobalSection(SolutionProperties) = preSolution
		HideSolutionNode = FALSE
	EndGlobalSection
	GlobalSection(ExtensibilityGlobals) = postSolution
		SolutionGuid = {6DF8F017-91F3-4369-970A-4ADE8F21209E}
	EndGlobalSection
EndGlobal
